
Microsoft Visual Studio Solution File, Format Version 12.00
# Visual Studio 15
VisualStudioVersion = 15.0.28307.1022
MinimumVisualStudioVersion = 10.0.40219.1
Project("{FAE04EC0-301F-11D3-BF4B-00C04F79EFBC}") = "UrlsAndRoutes", "UrlsAndRoutes\UrlsAndRoutes.csproj", "{A3D25EBE-7CA5-482E-9699-983B5B2B6104}"
EndProject
Project("{FAE04EC0-301F-11D3-BF4B-00C04F79EFBC}") = "UrlsAndRoutes.Tests", "UrlsAndRoutes.Tests\UrlsAndRoutes.Tests.csproj", "{0AB07764-D384-4E9C-A175-F84A6D745182}"
EndProject
Global
	GlobalSection(SolutionConfigurationPlatforms) = preSolution
		Debug|Any CPU = Debug|Any CPU
		Release|Any CPU = Release|Any CPU
	EndGlobalSection
	GlobalSection(ProjectConfigurationPlatforms) = postSolution
		{A3D25EBE-7CA5-482E-9699-983B5B2B6104}.Debug|Any CPU.ActiveCfg = Debug|Any CPU
		{A3D25EBE-7CA5-482E-9699-983B5B2B6104}.Debug|Any CPU.Build.0 = Debug|Any CPU
		{A3D25EBE-7CA5-482E-9699-983B5B2B6104}.Release|Any CPU.ActiveCfg = Release|Any CPU
		{A3D25EBE-7CA5-482E-9699-983B5B2B6104}.Release|Any CPU.Build.0 = Release|Any CPU
		{0AB07764-D384-4E9C-A175-F84A6D745182}.Debug|Any CPU.ActiveCfg = Debug|Any CPU
		{0AB07764-D384-4E9C-A175-F84A6D745182}.Debug|Any CPU.Build.0 = Debug|Any CPU
		{0AB07764-D384-4E9C-A175-F84A6D745182}.Release|Any CPU.ActiveCfg = Release|Any CPU
		{0AB07764-D384-4E9C-A175-F84A6D745182}.Release|Any CPU.Build.0 = Release|Any CPU
	EndGlobalSection
	GlobalSection(SolutionProperties) = preSolution
		HideSolutionNode = FALSE
	EndGlobalSection
	GlobalSection(ExtensibilityGlobals) = postSolution
		SolutionGuid = {69F63B90-3059-485C-AC16-0CF6AE513A09}
	EndGlobalSection
EndGlobal
